
Microsoft Visual Studio Solution File, Format Version 12.00
# Visual Studio Version 17
VisualStudioVersion = 17.8.34511.84
MinimumVisualStudioVersion = 10.0.40219.1
Project("{FAE04EC0-301F-11D3-BF4B-00C04F79EFBC}") = "BookAppForm", "BookAppForm.csproj", "{E3EE1A6C-26A2-49BA-A889-54390281E354}"
EndProject
Global
	GlobalSection(SolutionConfigurationPlatforms) = preSolution
		Debug|Any CPU = Debug|Any CPU
		Release|Any CPU = Release|Any CPU
	EndGlobalSection
	GlobalSection(ProjectConfigurationPlatforms) = postSolution
		{E3EE1A6C-26A2-49BA-A889-54390281E354}.Debug|Any CPU.ActiveCfg = Debug|Any CPU
		{E3EE1A6C-26A2-49BA-A889-54390281E354}.Debug|Any CPU.Build.0 = Debug|Any CPU
		{E3EE1A6C-26A2-49BA-A889-54390281E354}.Release|Any CPU.ActiveCfg = Release|Any CPU
		{E3EE1A6C-26A2-49BA-A889-54390281E354}.Release|Any CPU.Build.0 = Release|Any CPU
	EndGlobalSection
	GlobalSection(SolutionProperties) = preSolution
		HideSolutionNode = FALSE
	EndGlobalSection
	GlobalSection(ExtensibilityGlobals) = postSolution
		SolutionGuid = {A1225EDB-E0A8-4564-BD06-CBF059FE9BA8}
	EndGlobalSection
EndGlobal
